// !$*UTF8*$!
{
	archiveVersion = 1;
	classes = {
	};
	objectVersion = 46;
	objects = {

/* Begin PBXBuildFile section */
		F225BA5F1A35C83F0063AFB8 /* YCLTabBar.m in Sources */ = {isa = PBXBuildFile; fileRef = F225BA5E1A35C83F0063AFB8 /* YCLTabBar.m */; };
		F225BA661A35D7C80063AFB8 /* YCLComposeController.m in Sources */ = {isa = PBXBuildFile; fileRef = F225BA651A35D7C80063AFB8 /* YCLComposeController.m */; };
		F225BA6D1A35DFE80063AFB8 /* YCLNewfeatureController.m in Sources */ = {isa = PBXBuildFile; fileRef = F225BA6C1A35DFE80063AFB8 /* YCLNewfeatureController.m */; };
		F25145501A36DFC100D3EB4E /* YCLOAuthController.m in Sources */ = {isa = PBXBuildFile; fileRef = F251454F1A36DFC100D3EB4E /* YCLOAuthController.m */; };
		F25145661A36F0E100D3EB4E /* AFHTTPRequestOperation.m in Sources */ = {isa = PBXBuildFile; fileRef = F25145541A36F0E100D3EB4E /* AFHTTPRequestOperation.m */; };
		F25145671A36F0E100D3EB4E /* AFHTTPRequestOperationManager.m in Sources */ = {isa = PBXBuildFile; fileRef = F25145561A36F0E100D3EB4E /* AFHTTPRequestOperationManager.m */; };
		F25145681A36F0E100D3EB4E /* AFHTTPSessionManager.m in Sources */ = {isa = PBXBuildFile; fileRef = F25145581A36F0E100D3EB4E /* AFHTTPSessionManager.m */; };
		F25145691A36F0E100D3EB4E /* AFNetworkReachabilityManager.m in Sources */ = {isa = PBXBuildFile; fileRef = F251455B1A36F0E100D3EB4E /* AFNetworkReachabilityManager.m */; };
		F251456A1A36F0E100D3EB4E /* AFSecurityPolicy.m in Sources */ = {isa = PBXBuildFile; fileRef = F251455D1A36F0E100D3EB4E /* AFSecurityPolicy.m */; };
		F251456B1A36F0E100D3EB4E /* AFURLConnectionOperation.m in Sources */ = {isa = PBXBuildFile; fileRef = F251455F1A36F0E100D3EB4E /* AFURLConnectionOperation.m */; };
		F251456C1A36F0E100D3EB4E /* AFURLRequestSerialization.m in Sources */ = {isa = PBXBuildFile; fileRef = F25145611A36F0E100D3EB4E /* AFURLRequestSerialization.m */; };
		F251456D1A36F0E100D3EB4E /* AFURLResponseSerialization.m in Sources */ = {isa = PBXBuildFile; fileRef = F25145631A36F0E100D3EB4E /* AFURLResponseSerialization.m */; };
		F251456E1A36F0E100D3EB4E /* AFURLSessionManager.m in Sources */ = {isa = PBXBuildFile; fileRef = F25145651A36F0E100D3EB4E /* AFURLSessionManager.m */; };
		F27650211A2B5D5E0031325A /* main.m in Sources */ = {isa = PBXBuildFile; fileRef = F27650201A2B5D5E0031325A /* main.m */; };
		F27650241A2B5D5E0031325A /* AppDelegate.m in Sources */ = {isa = PBXBuildFile; fileRef = F27650231A2B5D5E0031325A /* AppDelegate.m */; };
		F276502C1A2B5D5E0031325A /* Images.xcassets in Resources */ = {isa = PBXBuildFile; fileRef = F276502B1A2B5D5E0031325A /* Images.xcassets */; };
		F276502F1A2B5D5E0031325A /* LaunchScreen.xib in Resources */ = {isa = PBXBuildFile; fileRef = F276502D1A2B5D5E0031325A /* LaunchScreen.xib */; };
		F276503B1A2B5D5E0031325A /* _1_30_WeiboTests.m in Sources */ = {isa = PBXBuildFile; fileRef = F276503A1A2B5D5E0031325A /* _1_30_WeiboTests.m */; };
		F27650501A2B5E620031325A /* YCLMainNavigationController.m in Sources */ = {isa = PBXBuildFile; fileRef = F276504F1A2B5E620031325A /* YCLMainNavigationController.m */; };
		F27650531A2B5E7C0031325A /* YCLMainTabBarController.m in Sources */ = {isa = PBXBuildFile; fileRef = F27650521A2B5E7C0031325A /* YCLMainTabBarController.m */; };
		F27650671A2B60B70031325A /* YCLHomeController.m in Sources */ = {isa = PBXBuildFile; fileRef = F27650661A2B60B70031325A /* YCLHomeController.m */; };
		F276506A1A2B63A30031325A /* YCLMessageCenterController.m in Sources */ = {isa = PBXBuildFile; fileRef = F27650691A2B63A30031325A /* YCLMessageCenterController.m */; };
		F276506D1A2B641D0031325A /* YCLProfileController.m in Sources */ = {isa = PBXBuildFile; fileRef = F276506C1A2B641D0031325A /* YCLProfileController.m */; };
		F27650701A2B64370031325A /* YCLDiscoverController.m in Sources */ = {isa = PBXBuildFile; fileRef = F276506F1A2B64370031325A /* YCLDiscoverController.m */; };
		F27650741A2B7D790031325A /* UIBarButtonItem+ItemByImage.m in Sources */ = {isa = PBXBuildFile; fileRef = F27650731A2B7D790031325A /* UIBarButtonItem+ItemByImage.m */; };
		F28DEFE61A2D9B11001124B8 /* YCLPopMenu.m in Sources */ = {isa = PBXBuildFile; fileRef = F28DEFE51A2D9B11001124B8 /* YCLPopMenu.m */; };
		F2A578321A3979AB00D70ACC /* YCLControllerTools.m in Sources */ = {isa = PBXBuildFile; fileRef = F2A578311A3979AB00D70ACC /* YCLControllerTools.m */; };
		F2B9E2271A2C3E8200A87B7A /* YCLSearchBar.m in Sources */ = {isa = PBXBuildFile; fileRef = F2B9E2261A2C3E8200A87B7A /* YCLSearchBar.m */; };
		F2B9E22A1A2C416700A87B7A /* UIView+YCLGeometry.m in Sources */ = {isa = PBXBuildFile; fileRef = F2B9E2291A2C416700A87B7A /* UIView+YCLGeometry.m */; };
		F2B9E2301A2C475F00A87B7A /* UIImage+YCLImage.m in Sources */ = {isa = PBXBuildFile; fileRef = F2B9E22F1A2C475F00A87B7A /* UIImage+YCLImage.m */; };
		F2B9E2331A2C59AE00A87B7A /* YCLHomeTitleButton.m in Sources */ = {isa = PBXBuildFile; fileRef = F2B9E2321A2C59AE00A87B7A /* YCLHomeTitleButton.m */; };
		F2B9E2361A2C5D4200A87B7A /* NSString+YCLTextSize.m in Sources */ = {isa = PBXBuildFile; fileRef = F2B9E2351A2C5D4200A87B7A /* NSString+YCLTextSize.m */; };
/* End PBXBuildFile section */

/* Begin PBXContainerItemProxy section */
		F27650351A2B5D5E0031325A /* PBXContainerItemProxy */ = {
			isa = PBXContainerItemProxy;
			containerPortal = F27650131A2B5D5E0031325A /* Project object */;
			proxyType = 1;
			remoteGlobalIDString = F276501A1A2B5D5E0031325A;
			remoteInfo = "11.30-Weibo";
		};
/* End PBXContainerItemProxy section */

/* Begin PBXFileReference section */
		F225BA5D1A35C83F0063AFB8 /* YCLTabBar.h */ = {isa = PBXFileReference; fileEncoding = 4; lastKnownFileType = sourcecode.c.h; path = YCLTabBar.h; sourceTree = "<group>"; };
		F225BA5E1A35C83F0063AFB8 /* YCLTabBar.m */ = {isa = PBXFileReference; fileEncoding = 4; lastKnownFileType = sourcecode.c.objc; path = YCLTabBar.m; sourceTree = "<group>"; };
		F225BA641A35D7C80063AFB8 /* YCLComposeController.h */ = {isa = PBXFileReference; fileEncoding = 4; lastKnownFileType = sourcecode.c.h; path = YCLComposeController.h; sourceTree = "<group>"; };
		F225BA651A35D7C80063AFB8 /* YCLComposeController.m */ = {isa = PBXFileReference; fileEncoding = 4; lastKnownFileType = sourcecode.c.objc; path = YCLComposeController.m; sourceTree = "<group>"; };
		F225BA6B1A35DFE80063AFB8 /* YCLNewfeatureController.h */ = {isa = PBXFileReference; fileEncoding = 4; lastKnownFileType = sourcecode.c.h; path = YCLNewfeatureController.h; sourceTree = "<group>"; };
		F225BA6C1A35DFE80063AFB8 /* YCLNewfeatureController.m */ = {isa = PBXFileReference; fileEncoding = 4; lastKnownFileType = sourcecode.c.objc; path = YCLNewfeatureController.m; sourceTree = "<group>"; };
		F251454E1A36DFC100D3EB4E /* YCLOAuthController.h */ = {isa = PBXFileReference; fileEncoding = 4; lastKnownFileType = sourcecode.c.h; path = YCLOAuthController.h; sourceTree = "<group>"; };
		F251454F1A36DFC100D3EB4E /* YCLOAuthController.m */ = {isa = PBXFileReference; fileEncoding = 4; lastKnownFileType = sourcecode.c.objc; path = YCLOAuthController.m; sourceTree = "<group>"; };
		F25145531A36F0E100D3EB4E /* AFHTTPRequestOperation.h */ = {isa = PBXFileReference; fileEncoding = 4; lastKnownFileType = sourcecode.c.h; path = AFHTTPRequestOperation.h; sourceTree = "<group>"; };
		F25145541A36F0E100D3EB4E /* AFHTTPRequestOperation.m */ = {isa = PBXFileReference; fileEncoding = 4; lastKnownFileType = sourcecode.c.objc; path = AFHTTPRequestOperation.m; sourceTree = "<group>"; };
		F25145551A36F0E100D3EB4E /* AFHTTPRequestOperationManager.h */ = {isa = PBXFileReference; fileEncoding = 4; lastKnownFileType = sourcecode.c.h; path = AFHTTPRequestOperationManager.h; sourceTree = "<group>"; };
		F25145561A36F0E100D3EB4E /* AFHTTPRequestOperationManager.m */ = {isa = PBXFileReference; fileEncoding = 4; lastKnownFileType = sourcecode.c.objc; path = AFHTTPRequestOperationManager.m; sourceTree = "<group>"; };
		F25145571A36F0E100D3EB4E /* AFHTTPSessionManager.h */ = {isa = PBXFileReference; fileEncoding = 4; lastKnownFileType = sourcecode.c.h; path = AFHTTPSessionManager.h; sourceTree = "<group>"; };
		F25145581A36F0E100D3EB4E /* AFHTTPSessionManager.m */ = {isa = PBXFileReference; fileEncoding = 4; lastKnownFileType = sourcecode.c.objc; path = AFHTTPSessionManager.m; sourceTree = "<group>"; };
		F25145591A36F0E100D3EB4E /* AFNetworking.h */ = {isa = PBXFileReference; fileEncoding = 4; lastKnownFileType = sourcecode.c.h; path = AFNetworking.h; sourceTree = "<group>"; };
		F251455A1A36F0E100D3EB4E /* AFNetworkReachabilityManager.h */ = {isa = PBXFileReference; fileEncoding = 4; lastKnownFileType = sourcecode.c.h; path = AFNetworkReachabilityManager.h; sourceTree = "<group>"; };
		F251455B1A36F0E100D3EB4E /* AFNetworkReachabilityManager.m */ = {isa = PBXFileReference; fileEncoding = 4; lastKnownFileType = sourcecode.c.objc; path = AFNetworkReachabilityManager.m; sourceTree = "<group>"; };
		F251455C1A36F0E100D3EB4E /* AFSecurityPolicy.h */ = {isa = PBXFileReference; fileEncoding = 4; lastKnownFileType = sourcecode.c.h; path = AFSecurityPolicy.h; sourceTree = "<group>"; };
		F251455D1A36F0E100D3EB4E /* AFSecurityPolicy.m */ = {isa = PBXFileReference; fileEncoding = 4; lastKnownFileType = sourcecode.c.objc; path = AFSecurityPolicy.m; sourceTree = "<group>"; };
		F251455E1A36F0E100D3EB4E /* AFURLConnectionOperation.h */ = {isa = PBXFileReference; fileEncoding = 4; lastKnownFileType = sourcecode.c.h; path = AFURLConnectionOperation.h; sourceTree = "<group>"; };
		F251455F1A36F0E100D3EB4E /* AFURLConnectionOperation.m */ = {isa = PBXFileReference; fileEncoding = 4; lastKnownFileType = sourcecode.c.objc; path = AFURLConnectionOperation.m; sourceTree = "<group>"; };
		F25145601A36F0E100D3EB4E /* AFURLRequestSerialization.h */ = {isa = PBXFileReference; fileEncoding = 4; lastKnownFileType = sourcecode.c.h; path = AFURLRequestSerialization.h; sourceTree = "<group>"; };
		F25145611A36F0E100D3EB4E /* AFURLRequestSerialization.m */ = {isa = PBXFileReference; fileEncoding = 4; lastKnownFileType = sourcecode.c.objc; path = AFURLRequestSerialization.m; sourceTree = "<group>"; };
		F25145621A36F0E100D3EB4E /* AFURLResponseSerialization.h */ = {isa = PBXFileReference; fileEncoding = 4; lastKnownFileType = sourcecode.c.h; path = AFURLResponseSerialization.h; sourceTree = "<group>"; };
		F25145631A36F0E100D3EB4E /* AFURLResponseSerialization.m */ = {isa = PBXFileReference; fileEncoding = 4; lastKnownFileType = sourcecode.c.objc; path = AFURLResponseSerialization.m; sourceTree = "<group>"; };
		F25145641A36F0E100D3EB4E /* AFURLSessionManager.h */ = {isa = PBXFileReference; fileEncoding = 4; lastKnownFileType = sourcecode.c.h; path = AFURLSessionManager.h; sourceTree = "<group>"; };
		F25145651A36F0E100D3EB4E /* AFURLSessionManager.m */ = {isa = PBXFileReference; fileEncoding = 4; lastKnownFileType = sourcecode.c.objc; path = AFURLSessionManager.m; sourceTree = "<group>"; };
		F276501B1A2B5D5E0031325A /* 11.30-Weibo.app */ = {isa = PBXFileReference; explicitFileType = wrapper.application; includeInIndex = 0; path = "11.30-Weibo.app"; sourceTree = BUILT_PRODUCTS_DIR; };
		F276501F1A2B5D5E0031325A /* Info.plist */ = {isa = PBXFileReference; lastKnownFileType = text.plist.xml; path = Info.plist; sourceTree = "<group>"; };
		F27650201A2B5D5E0031325A /* main.m */ = {isa = PBXFileReference; lastKnownFileType = sourcecode.c.objc; path = main.m; sourceTree = "<group>"; };
		F27650221A2B5D5E0031325A /* AppDelegate.h */ = {isa = PBXFileReference; lastKnownFileType = sourcecode.c.h; path = AppDelegate.h; sourceTree = "<group>"; };
		F27650231A2B5D5E0031325A /* AppDelegate.m */ = {isa = PBXFileReference; lastKnownFileType = sourcecode.c.objc; path = AppDelegate.m; sourceTree = "<group>"; };
		F276502B1A2B5D5E0031325A /* Images.xcassets */ = {isa = PBXFileReference; lastKnownFileType = folder.assetcatalog; path = Images.xcassets; sourceTree = "<group>"; };
		F276502E1A2B5D5E0031325A /* Base */ = {isa = PBXFileReference; lastKnownFileType = file.xib; name = Base; path = Base.lproj/LaunchScreen.xib; sourceTree = "<group>"; };
		F27650341A2B5D5E0031325A /* 11.30-WeiboTests.xctest */ = {isa = PBXFileReference; explicitFileType = wrapper.cfbundle; includeInIndex = 0; path = "11.30-WeiboTests.xctest"; sourceTree = BUILT_PRODUCTS_DIR; };
		F27650391A2B5D5E0031325A /* Info.plist */ = {isa = PBXFileReference; lastKnownFileType = text.plist.xml; path = Info.plist; sourceTree = "<group>"; };
		F276503A1A2B5D5E0031325A /* _1_30_WeiboTests.m */ = {isa = PBXFileReference; lastKnownFileType = sourcecode.c.objc; path = _1_30_WeiboTests.m; sourceTree = "<group>"; };
		F276504E1A2B5E620031325A /* YCLMainNavigationController.h */ = {isa = PBXFileReference; fileEncoding = 4; lastKnownFileType = sourcecode.c.h; path = YCLMainNavigationController.h; sourceTree = "<group>"; };
		F276504F1A2B5E620031325A /* YCLMainNavigationController.m */ = {isa = PBXFileReference; fileEncoding = 4; lastKnownFileType = sourcecode.c.objc; path = YCLMainNavigationController.m; sourceTree = "<group>"; };
		F27650511A2B5E7C0031325A /* YCLMainTabBarController.h */ = {isa = PBXFileReference; fileEncoding = 4; lastKnownFileType = sourcecode.c.h; path = YCLMainTabBarController.h; sourceTree = "<group>"; };
		F27650521A2B5E7C0031325A /* YCLMainTabBarController.m */ = {isa = PBXFileReference; fileEncoding = 4; lastKnownFileType = sourcecode.c.objc; path = YCLMainTabBarController.m; sourceTree = "<group>"; };
		F27650651A2B60B70031325A /* YCLHomeController.h */ = {isa = PBXFileReference; fileEncoding = 4; lastKnownFileType = sourcecode.c.h; path = YCLHomeController.h; sourceTree = "<group>"; };
		F27650661A2B60B70031325A /* YCLHomeController.m */ = {isa = PBXFileReference; fileEncoding = 4; lastKnownFileType = sourcecode.c.objc; path = YCLHomeController.m; sourceTree = "<group>"; };
		F27650681A2B63A30031325A /* YCLMessageCenterController.h */ = {isa = PBXFileReference; fileEncoding = 4; lastKnownFileType = sourcecode.c.h; path = YCLMessageCenterController.h; sourceTree = "<group>"; };
		F27650691A2B63A30031325A /* YCLMessageCenterController.m */ = {isa = PBXFileReference; fileEncoding = 4; lastKnownFileType = sourcecode.c.objc; path = YCLMessageCenterController.m; sourceTree = "<group>"; };
		F276506B1A2B641D0031325A /* YCLProfileController.h */ = {isa = PBXFileReference; fileEncoding = 4; lastKnownFileType = sourcecode.c.h; path = YCLProfileController.h; sourceTree = "<group>"; };
		F276506C1A2B641D0031325A /* YCLProfileController.m */ = {isa = PBXFileReference; fileEncoding = 4; lastKnownFileType = sourcecode.c.objc; path = YCLProfileController.m; sourceTree = "<group>"; };
		F276506E1A2B64370031325A /* YCLDiscoverController.h */ = {isa = PBXFileReference; fileEncoding = 4; lastKnownFileType = sourcecode.c.h; path = YCLDiscoverController.h; sourceTree = "<group>"; };
		F276506F1A2B64370031325A /* YCLDiscoverController.m */ = {isa = PBXFileReference; fileEncoding = 4; lastKnownFileType = sourcecode.c.objc; path = YCLDiscoverController.m; sourceTree = "<group>"; };
		F27650721A2B7D790031325A /* UIBarButtonItem+ItemByImage.h */ = {isa = PBXFileReference; fileEncoding = 4; lastKnownFileType = sourcecode.c.h; path = "UIBarButtonItem+ItemByImage.h"; sourceTree = "<group>"; };
		F27650731A2B7D790031325A /* UIBarButtonItem+ItemByImage.m */ = {isa = PBXFileReference; fileEncoding = 4; lastKnownFileType = sourcecode.c.objc; path = "UIBarButtonItem+ItemByImage.m"; sourceTree = "<group>"; };
		F28DEFE41A2D9B11001124B8 /* YCLPopMenu.h */ = {isa = PBXFileReference; fileEncoding = 4; lastKnownFileType = sourcecode.c.h; path = YCLPopMenu.h; sourceTree = "<group>"; };
		F28DEFE51A2D9B11001124B8 /* YCLPopMenu.m */ = {isa = PBXFileReference; fileEncoding = 4; lastKnownFileType = sourcecode.c.objc; path = YCLPopMenu.m; sourceTree = "<group>"; };
		F2A578301A3979AB00D70ACC /* YCLControllerTools.h */ = {isa = PBXFileReference; fileEncoding = 4; lastKnownFileType = sourcecode.c.h; path = YCLControllerTools.h; sourceTree = "<group>"; };
		F2A578311A3979AB00D70ACC /* YCLControllerTools.m */ = {isa = PBXFileReference; fileEncoding = 4; lastKnownFileType = sourcecode.c.objc; path = YCLControllerTools.m; sourceTree = "<group>"; };
		F2B9E2251A2C3E8200A87B7A /* YCLSearchBar.h */ = {isa = PBXFileReference; fileEncoding = 4; lastKnownFileType = sourcecode.c.h; path = YCLSearchBar.h; sourceTree = "<group>"; };
		F2B9E2261A2C3E8200A87B7A /* YCLSearchBar.m */ = {isa = PBXFileReference; fileEncoding = 4; lastKnownFileType = sourcecode.c.objc; path = YCLSearchBar.m; sourceTree = "<group>"; };
		F2B9E2281A2C416700A87B7A /* UIView+YCLGeometry.h */ = {isa = PBXFileReference; fileEncoding = 4; lastKnownFileType = sourcecode.c.h; path = "UIView+YCLGeometry.h"; sourceTree = "<group>"; };
		F2B9E2291A2C416700A87B7A /* UIView+YCLGeometry.m */ = {isa = PBXFileReference; fileEncoding = 4; lastKnownFileType = sourcecode.c.objc; path = "UIView+YCLGeometry.m"; sourceTree = "<group>"; };
		F2B9E22E1A2C475F00A87B7A /* UIImage+YCLImage.h */ = {isa = PBXFileReference; fileEncoding = 4; lastKnownFileType = sourcecode.c.h; path = "UIImage+YCLImage.h"; sourceTree = "<group>"; };
		F2B9E22F1A2C475F00A87B7A /* UIImage+YCLImage.m */ = {isa = PBXFileReference; fileEncoding = 4; lastKnownFileType = sourcecode.c.objc; path = "UIImage+YCLImage.m"; sourceTree = "<group>"; };
		F2B9E2311A2C59AE00A87B7A /* YCLHomeTitleButton.h */ = {isa = PBXFileReference; fileEncoding = 4; lastKnownFileType = sourcecode.c.h; path = YCLHomeTitleButton.h; sourceTree = "<group>"; };
		F2B9E2321A2C59AE00A87B7A /* YCLHomeTitleButton.m */ = {isa = PBXFileReference; fileEncoding = 4; lastKnownFileType = sourcecode.c.objc; path = YCLHomeTitleButton.m; sourceTree = "<group>"; };
		F2B9E2341A2C5D4200A87B7A /* NSString+YCLTextSize.h */ = {isa = PBXFileReference; fileEncoding = 4; lastKnownFileType = sourcecode.c.h; path = "NSString+YCLTextSize.h"; sourceTree = "<group>"; };
		F2B9E2351A2C5D4200A87B7A /* NSString+YCLTextSize.m */ = {isa = PBXFileReference; fileEncoding = 4; lastKnownFileType = sourcecode.c.objc; path = "NSString+YCLTextSize.m"; sourceTree = "<group>"; };
/* End PBXFileReference section */

/* Begin PBXFrameworksBuildPhase section */
		F27650181A2B5D5E0031325A /* Frameworks */ = {
			isa = PBXFrameworksBuildPhase;
			buildActionMask = 2147483647;
			files = (
			);
			runOnlyForDeploymentPostprocessing = 0;
		};
		F27650311A2B5D5E0031325A /* Frameworks */ = {
			isa = PBXFrameworksBuildPhase;
			buildActionMask = 2147483647;
			files = (
			);
			runOnlyForDeploymentPostprocessing = 0;
		};
/* End PBXFrameworksBuildPhase section */

/* Begin PBXGroup section */
		F225BA601A35D7920063AFB8 /* Compose */ = {
			isa = PBXGroup;
			children = (
				F225BA611A35D7920063AFB8 /* Controller */,
				F225BA621A35D7920063AFB8 /* Model */,
				F225BA631A35D7920063AFB8 /* View */,
			);
			path = Compose;
			sourceTree = "<group>";
		};
		F225BA611A35D7920063AFB8 /* Controller */ = {
			isa = PBXGroup;
			children = (
				F225BA641A35D7C80063AFB8 /* YCLComposeController.h */,
				F225BA651A35D7C80063AFB8 /* YCLComposeController.m */,
			);
			path = Controller;
			sourceTree = "<group>";
		};
		F225BA621A35D7920063AFB8 /* Model */ = {
			isa = PBXGroup;
			children = (
			);
			path = Model;
			sourceTree = "<group>";
		};
		F225BA631A35D7920063AFB8 /* View */ = {
			isa = PBXGroup;
			children = (
			);
			path = View;
			sourceTree = "<group>";
		};
		F225BA671A35DFC60063AFB8 /* Newfeatrue */ = {
			isa = PBXGroup;
			children = (
				F225BA681A35DFC60063AFB8 /* Controller */,
				F225BA691A35DFC60063AFB8 /* Model */,
				F225BA6A1A35DFC60063AFB8 /* View */,
			);
			path = Newfeatrue;
			sourceTree = "<group>";
		};
		F225BA681A35DFC60063AFB8 /* Controller */ = {
			isa = PBXGroup;
			children = (
				F225BA6B1A35DFE80063AFB8 /* YCLNewfeatureController.h */,
				F225BA6C1A35DFE80063AFB8 /* YCLNewfeatureController.m */,
			);
			path = Controller;
			sourceTree = "<group>";
		};
		F225BA691A35DFC60063AFB8 /* Model */ = {
			isa = PBXGroup;
			children = (
			);
			path = Model;
			sourceTree = "<group>";
		};
		F225BA6A1A35DFC60063AFB8 /* View */ = {
			isa = PBXGroup;
			children = (
			);
			path = View;
			sourceTree = "<group>";
		};
		F251454A1A36DFA300D3EB4E /* OAuth */ = {
			isa = PBXGroup;
			children = (
				F251454B1A36DFA300D3EB4E /* Controller */,
				F251454C1A36DFA300D3EB4E /* Model */,
				F251454D1A36DFA300D3EB4E /* View */,
			);
			path = OAuth;
			sourceTree = "<group>";
		};
		F251454B1A36DFA300D3EB4E /* Controller */ = {
			isa = PBXGroup;
			children = (
				F251454E1A36DFC100D3EB4E /* YCLOAuthController.h */,
				F251454F1A36DFC100D3EB4E /* YCLOAuthController.m */,
			);
			path = Controller;
			sourceTree = "<group>";
		};
		F251454C1A36DFA300D3EB4E /* Model */ = {
			isa = PBXGroup;
			children = (
			);
			path = Model;
			sourceTree = "<group>";
		};
		F251454D1A36DFA300D3EB4E /* View */ = {
			isa = PBXGroup;
			children = (
			);
			path = View;
			sourceTree = "<group>";
		};
		F25145511A36F0BF00D3EB4E /* Libs */ = {
			isa = PBXGroup;
			children = (
				F25145521A36F0E100D3EB4E /* AFNetworking */,
			);
			path = Libs;
			sourceTree = "<group>";
		};
		F25145521A36F0E100D3EB4E /* AFNetworking */ = {
			isa = PBXGroup;
			children = (
				F25145531A36F0E100D3EB4E /* AFHTTPRequestOperation.h */,
				F25145541A36F0E100D3EB4E /* AFHTTPRequestOperation.m */,
				F25145551A36F0E100D3EB4E /* AFHTTPRequestOperationManager.h */,
				F25145561A36F0E100D3EB4E /* AFHTTPRequestOperationManager.m */,
				F25145571A36F0E100D3EB4E /* AFHTTPSessionManager.h */,
				F25145581A36F0E100D3EB4E /* AFHTTPSessionManager.m */,
				F25145591A36F0E100D3EB4E /* AFNetworking.h */,
				F251455A1A36F0E100D3EB4E /* AFNetworkReachabilityManager.h */,
				F251455B1A36F0E100D3EB4E /* AFNetworkReachabilityManager.m */,
				F251455C1A36F0E100D3EB4E /* AFSecurityPolicy.h */,
				F251455D1A36F0E100D3EB4E /* AFSecurityPolicy.m */,
				F251455E1A36F0E100D3EB4E /* AFURLConnectionOperation.h */,
				F251455F1A36F0E100D3EB4E /* AFURLConnectionOperation.m */,
				F25145601A36F0E100D3EB4E /* AFURLRequestSerialization.h */,
				F25145611A36F0E100D3EB4E /* AFURLRequestSerialization.m */,
				F25145621A36F0E100D3EB4E /* AFURLResponseSerialization.h */,
				F25145631A36F0E100D3EB4E /* AFURLResponseSerialization.m */,
				F25145641A36F0E100D3EB4E /* AFURLSessionManager.h */,
				F25145651A36F0E100D3EB4E /* AFURLSessionManager.m */,
			);
			path = AFNetworking;
			sourceTree = "<group>";
		};
		F27650121A2B5D5E0031325A = {
			isa = PBXGroup;
			children = (
				F276501D1A2B5D5E0031325A /* 11.30-Weibo */,
				F27650371A2B5D5E0031325A /* 11.30-WeiboTests */,
				F276501C1A2B5D5E0031325A /* Products */,
			);
			sourceTree = "<group>";
		};
		F276501C1A2B5D5E0031325A /* Products */ = {
			isa = PBXGroup;
			children = (
				F276501B1A2B5D5E0031325A /* 11.30-Weibo.app */,
				F27650341A2B5D5E0031325A /* 11.30-WeiboTests.xctest */,
			);
			name = Products;
			sourceTree = "<group>";
		};
		F276501D1A2B5D5E0031325A /* 11.30-Weibo */ = {
			isa = PBXGroup;
			children = (
				F251454A1A36DFA300D3EB4E /* OAuth */,
				F225BA671A35DFC60063AFB8 /* Newfeatrue */,
				F225BA601A35D7920063AFB8 /* Compose */,
				F27650711A2B7CEB0031325A /* Category */,
				F27650551A2B609B0031325A /* Discover */,
				F27650591A2B609B0031325A /* Home */,
				F276505D1A2B609B0031325A /* MessageCenter */,
				F27650611A2B609B0031325A /* Profile */,
				F27650541A2B5E930031325A /* Others */,
				F276504A1A2B5E4A0031325A /* Main */,
				F276502B1A2B5D5E0031325A /* Images.xcassets */,
				F276502D1A2B5D5E0031325A /* LaunchScreen.xib */,
				F276501E1A2B5D5E0031325A /* Supporting Files */,
			);
			path = "11.30-Weibo";
			sourceTree = "<group>";
		};
		F276501E1A2B5D5E0031325A /* Supporting Files */ = {
			isa = PBXGroup;
			children = (
				F276501F1A2B5D5E0031325A /* Info.plist */,
			);
			name = "Supporting Files";
			sourceTree = "<group>";
		};
		F27650371A2B5D5E0031325A /* 11.30-WeiboTests */ = {
			isa = PBXGroup;
			children = (
				F276503A1A2B5D5E0031325A /* _1_30_WeiboTests.m */,
				F27650381A2B5D5E0031325A /* Supporting Files */,
			);
			path = "11.30-WeiboTests";
			sourceTree = "<group>";
		};
		F27650381A2B5D5E0031325A /* Supporting Files */ = {
			isa = PBXGroup;
			children = (
				F27650391A2B5D5E0031325A /* Info.plist */,
			);
			name = "Supporting Files";
			sourceTree = "<group>";
		};
		F276504A1A2B5E4A0031325A /* Main */ = {
			isa = PBXGroup;
			children = (
				F2A5782F1A39797900D70ACC /* Tools */,
				F25145511A36F0BF00D3EB4E /* Libs */,
				F276504B1A2B5E4A0031325A /* Controller */,
				F276504C1A2B5E4A0031325A /* Model */,
				F276504D1A2B5E4A0031325A /* View */,
			);
			path = Main;
			sourceTree = "<group>";
		};
		F276504B1A2B5E4A0031325A /* Controller */ = {
			isa = PBXGroup;
			children = (
				F276504E1A2B5E620031325A /* YCLMainNavigationController.h */,
				F276504F1A2B5E620031325A /* YCLMainNavigationController.m */,
				F27650511A2B5E7C0031325A /* YCLMainTabBarController.h */,
				F27650521A2B5E7C0031325A /* YCLMainTabBarController.m */,
			);
			path = Controller;
			sourceTree = "<group>";
		};
		F276504C1A2B5E4A0031325A /* Model */ = {
			isa = PBXGroup;
			children = (
			);
			path = Model;
			sourceTree = "<group>";
		};
		F276504D1A2B5E4A0031325A /* View */ = {
			isa = PBXGroup;
			children = (
				F225BA5D1A35C83F0063AFB8 /* YCLTabBar.h */,
				F225BA5E1A35C83F0063AFB8 /* YCLTabBar.m */,
			);
			path = View;
			sourceTree = "<group>";
		};
		F27650541A2B5E930031325A /* Others */ = {
			isa = PBXGroup;
			children = (
				F27650201A2B5D5E0031325A /* main.m */,
				F27650221A2B5D5E0031325A /* AppDelegate.h */,
				F27650231A2B5D5E0031325A /* AppDelegate.m */,
			);
			name = Others;
			sourceTree = "<group>";
		};
		F27650551A2B609B0031325A /* Discover */ = {
			isa = PBXGroup;
			children = (
				F27650561A2B609B0031325A /* Controller */,
				F27650571A2B609B0031325A /* Model */,
				F27650581A2B609B0031325A /* View */,
			);
			path = Discover;
			sourceTree = "<group>";
		};
		F27650561A2B609B0031325A /* Controller */ = {
			isa = PBXGroup;
			children = (
				F276506E1A2B64370031325A /* YCLDiscoverController.h */,
				F276506F1A2B64370031325A /* YCLDiscoverController.m */,
			);
			path = Controller;
			sourceTree = "<group>";
		};
		F27650571A2B609B0031325A /* Model */ = {
			isa = PBXGroup;
			children = (
			);
			path = Model;
			sourceTree = "<group>";
		};
		F27650581A2B609B0031325A /* View */ = {
			isa = PBXGroup;
			children = (
				F2B9E2251A2C3E8200A87B7A /* YCLSearchBar.h */,
				F2B9E2261A2C3E8200A87B7A /* YCLSearchBar.m */,
			);
			path = View;
			sourceTree = "<group>";
		};
		F27650591A2B609B0031325A /* Home */ = {
			isa = PBXGroup;
			children = (
				F276505A1A2B609B0031325A /* Controller */,
				F276505B1A2B609B0031325A /* Model */,
				F276505C1A2B609B0031325A /* View */,
			);
			path = Home;
			sourceTree = "<group>";
		};
		F276505A1A2B609B0031325A /* Controller */ = {
			isa = PBXGroup;
			children = (
				F27650651A2B60B70031325A /* YCLHomeController.h */,
				F27650661A2B60B70031325A /* YCLHomeController.m */,
			);
			path = Controller;
			sourceTree = "<group>";
		};
		F276505B1A2B609B0031325A /* Model */ = {
			isa = PBXGroup;
			children = (
			);
			path = Model;
			sourceTree = "<group>";
		};
		F276505C1A2B609B0031325A /* View */ = {
			isa = PBXGroup;
			children = (
				F2B9E2311A2C59AE00A87B7A /* YCLHomeTitleButton.h */,
				F2B9E2321A2C59AE00A87B7A /* YCLHomeTitleButton.m */,
				F28DEFE41A2D9B11001124B8 /* YCLPopMenu.h */,
				F28DEFE51A2D9B11001124B8 /* YCLPopMenu.m */,
			);
			path = View;
			sourceTree = "<group>";
		};
		F276505D1A2B609B0031325A /* MessageCenter */ = {
			isa = PBXGroup;
			children = (
				F276505E1A2B609B0031325A /* Controller */,
				F276505F1A2B609B0031325A /* Model */,
				F27650601A2B609B0031325A /* View */,
			);
			path = MessageCenter;
			sourceTree = "<group>";
		};
		F276505E1A2B609B0031325A /* Controller */ = {
			isa = PBXGroup;
			children = (
				F27650681A2B63A30031325A /* YCLMessageCenterController.h */,
				F27650691A2B63A30031325A /* YCLMessageCenterController.m */,
			);
			path = Controller;
			sourceTree = "<group>";
		};
		F276505F1A2B609B0031325A /* Model */ = {
			isa = PBXGroup;
			children = (
			);
			path = Model;
			sourceTree = "<group>";
		};
		F27650601A2B609B0031325A /* View */ = {
			isa = PBXGroup;
			children = (
			);
			path = View;
			sourceTree = "<group>";
		};
		F27650611A2B609B0031325A /* Profile */ = {
			isa = PBXGroup;
			children = (
				F27650621A2B609B0031325A /* Controller */,
				F27650631A2B609B0031325A /* Model */,
				F27650641A2B609B0031325A /* View */,
			);
			path = Profile;
			sourceTree = "<group>";
		};
		F27650621A2B609B0031325A /* Controller */ = {
			isa = PBXGroup;
			children = (
				F276506B1A2B641D0031325A /* YCLProfileController.h */,
				F276506C1A2B641D0031325A /* YCLProfileController.m */,
			);
			path = Controller;
			sourceTree = "<group>";
		};
		F27650631A2B609B0031325A /* Model */ = {
			isa = PBXGroup;
			children = (
			);
			path = Model;
			sourceTree = "<group>";
		};
		F27650641A2B609B0031325A /* View */ = {
			isa = PBXGroup;
			children = (
			);
			path = View;
			sourceTree = "<group>";
		};
		F27650711A2B7CEB0031325A /* Category */ = {
			isa = PBXGroup;
			children = (
				F2B9E2341A2C5D4200A87B7A /* NSString+YCLTextSize.h */,
				F2B9E2351A2C5D4200A87B7A /* NSString+YCLTextSize.m */,
				F27650721A2B7D790031325A /* UIBarButtonItem+ItemByImage.h */,
				F27650731A2B7D790031325A /* UIBarButtonItem+ItemByImage.m */,
				F2B9E2281A2C416700A87B7A /* UIView+YCLGeometry.h */,
				F2B9E2291A2C416700A87B7A /* UIView+YCLGeometry.m */,
				F2B9E22E1A2C475F00A87B7A /* UIImage+YCLImage.h */,
				F2B9E22F1A2C475F00A87B7A /* UIImage+YCLImage.m */,
			);
			path = Category;
			sourceTree = "<group>";
		};
		F2A5782F1A39797900D70ACC /* Tools */ = {
			isa = PBXGroup;
			children = (
				F2A578301A3979AB00D70ACC /* YCLControllerTools.h */,
				F2A578311A3979AB00D70ACC /* YCLControllerTools.m */,
			);
			path = Tools;
			sourceTree = "<group>";
		};
/* End PBXGroup section */

/* Begin PBXNativeTarget section */
		F276501A1A2B5D5E0031325A /* 11.30-Weibo */ = {
			isa = PBXNativeTarget;
			buildConfigurationList = F276503E1A2B5D5E0031325A /* Build configuration list for PBXNativeTarget "11.30-Weibo" */;
			buildPhases = (
				F27650171A2B5D5E0031325A /* Sources */,
				F27650181A2B5D5E0031325A /* Frameworks */,
				F27650191A2B5D5E0031325A /* Resources */,
			);
			buildRules = (
			);
			dependencies = (
			);
			name = "11.30-Weibo";
			productName = "11.30-Weibo";
			productReference = F276501B1A2B5D5E0031325A /* 11.30-Weibo.app */;
			productType = "com.apple.product-type.application";
		};
		F27650331A2B5D5E0031325A /* 11.30-WeiboTests */ = {
			isa = PBXNativeTarget;
			buildConfigurationList = F27650411A2B5D5E0031325A /* Build configuration list for PBXNativeTarget "11.30-WeiboTests" */;
			buildPhases = (
				F27650301A2B5D5E0031325A /* Sources */,
				F27650311A2B5D5E0031325A /* Frameworks */,
				F27650321A2B5D5E0031325A /* Resources */,
			);
			buildRules = (
			);
			dependencies = (
				F27650361A2B5D5E0031325A /* PBXTargetDependency */,
			);
			name = "11.30-WeiboTests";
			productName = "11.30-WeiboTests";
			productReference = F27650341A2B5D5E0031325A /* 11.30-WeiboTests.xctest */;
			productType = "com.apple.product-type.bundle.unit-test";
		};
/* End PBXNativeTarget section */

/* Begin PBXProject section */
		F27650131A2B5D5E0031325A /* Project object */ = {
			isa = PBXProject;
			attributes = {
				LastUpgradeCheck = 0610;
				ORGANIZATIONNAME = yclzone;
				TargetAttributes = {
					F276501A1A2B5D5E0031325A = {
						CreatedOnToolsVersion = 6.1;
					};
					F27650331A2B5D5E0031325A = {
						CreatedOnToolsVersion = 6.1;
						TestTargetID = F276501A1A2B5D5E0031325A;
					};
				};
			};
			buildConfigurationList = F27650161A2B5D5E0031325A /* Build configuration list for PBXProject "11.30-Weibo" */;
			compatibilityVersion = "Xcode 3.2";
			developmentRegion = English;
			hasScannedForEncodings = 0;
			knownRegions = (
				en,
				Base,
			);
			mainGroup = F27650121A2B5D5E0031325A;
			productRefGroup = F276501C1A2B5D5E0031325A /* Products */;
			projectDirPath = "";
			projectRoot = "";
			targets = (
				F276501A1A2B5D5E0031325A /* 11.30-Weibo */,
				F27650331A2B5D5E0031325A /* 11.30-WeiboTests */,
			);
		};
/* End PBXProject section */

/* Begin PBXResourcesBuildPhase section */
		F27650191A2B5D5E0031325A /* Resources */ = {
			isa = PBXResourcesBuildPhase;
			buildActionMask = 2147483647;
			files = (
				F276502F1A2B5D5E0031325A /* LaunchScreen.xib in Resources */,
				F276502C1A2B5D5E0031325A /* Images.xcassets in Resources */,
			);
			runOnlyForDeploymentPostprocessing = 0;
		};
		F27650321A2B5D5E0031325A /* Resources */ = {
			isa = PBXResourcesBuildPhase;
			buildActionMask = 2147483647;
			files = (
			);
			runOnlyForDeploymentPostprocessing = 0;
		};
/* End PBXResourcesBuildPhase section */

/* Begin PBXSourcesBuildPhase section */
		F27650171A2B5D5E0031325A /* Sources */ = {
			isa = PBXSourcesBuildPhase;
			buildActionMask = 2147483647;
			files = (
				F276506A1A2B63A30031325A /* YCLMessageCenterController.m in Sources */,
				F225BA661A35D7C80063AFB8 /* YCLComposeController.m in Sources */,
				F27650241A2B5D5E0031325A /* AppDelegate.m in Sources */,
				F2B9E2361A2C5D4200A87B7A /* NSString+YCLTextSize.m in Sources */,
				F251456B1A36F0E100D3EB4E /* AFURLConnectionOperation.m in Sources */,
				F251456A1A36F0E100D3EB4E /* AFSecurityPolicy.m in Sources */,
				F27650701A2B64370031325A /* YCLDiscoverController.m in Sources */,
				F25145681A36F0E100D3EB4E /* AFHTTPSessionManager.m in Sources */,
				F27650671A2B60B70031325A /* YCLHomeController.m in Sources */,
				F27650211A2B5D5E0031325A /* main.m in Sources */,
				F27650741A2B7D790031325A /* UIBarButtonItem+ItemByImage.m in Sources */,
				F2B9E22A1A2C416700A87B7A /* UIView+YCLGeometry.m in Sources */,
				F276506D1A2B641D0031325A /* YCLProfileController.m in Sources */,
				F225BA6D1A35DFE80063AFB8 /* YCLNewfeatureController.m in Sources */,
				F25145671A36F0E100D3EB4E /* AFHTTPRequestOperationManager.m in Sources */,
				F28DEFE61A2D9B11001124B8 /* YCLPopMenu.m in Sources */,
				F25145661A36F0E100D3EB4E /* AFHTTPRequestOperation.m in Sources */,
				F2A578321A3979AB00D70ACC /* YCLControllerTools.m in Sources */,
				F251456E1A36F0E100D3EB4E /* AFURLSessionManager.m in Sources */,
				F225BA5F1A35C83F0063AFB8 /* YCLTabBar.m in Sources */,
				F25145691A36F0E100D3EB4E /* AFNetworkReachabilityManager.m in Sources */,
				F251456D1A36F0E100D3EB4E /* AFURLResponseSerialization.m in Sources */,
				F251456C1A36F0E100D3EB4E /* AFURLRequestSerialization.m in Sources */,
				F2B9E2301A2C475F00A87B7A /* UIImage+YCLImage.m in Sources */,
				F27650531A2B5E7C0031325A /* YCLMainTabBarController.m in Sources */,
				F2B9E2331A2C59AE00A87B7A /* YCLHomeTitleButton.m in Sources */,
				F25145501A36DFC100D3EB4E /* YCLOAuthController.m in Sources */,
				F2B9E2271A2C3E8200A87B7A /* YCLSearchBar.m in Sources */,
				F27650501A2B5E620031325A /* YCLMainNavigationController.m in Sources */,
			);
			runOnlyForDeploymentPostprocessing = 0;
		};
		F27650301A2B5D5E0031325A /* Sources */ = {
			isa = PBXSourcesBuildPhase;
			buildActionMask = 2147483647;
			files = (
				F276503B1A2B5D5E0031325A /* _1_30_WeiboTests.m in Sources */,
			);
			runOnlyForDeploymentPostprocessing = 0;
		};
/* End PBXSourcesBuildPhase section */

/* Begin PBXTargetDependency section */
		F27650361A2B5D5E0031325A /* PBXTargetDependency */ = {
			isa = PBXTargetDependency;
			target = F276501A1A2B5D5E0031325A /* 11.30-Weibo */;
			targetProxy = F27650351A2B5D5E0031325A /* PBXContainerItemProxy */;
		};
/* End PBXTargetDependency section */

/* Begin PBXVariantGroup section */
		F276502D1A2B5D5E0031325A /* LaunchScreen.xib */ = {
			isa = PBXVariantGroup;
			children = (
				F276502E1A2B5D5E0031325A /* Base */,
			);
			name = LaunchScreen.xib;
			sourceTree = "<group>";
		};
/* End PBXVariantGroup section */

/* Begin XCBuildConfiguration section */
		F276503C1A2B5D5E0031325A /* Debug */ = {
			isa = XCBuildConfiguration;
			buildSettings = {
				ALWAYS_SEARCH_USER_PATHS = NO;
				CLANG_CXX_LANGUAGE_STANDARD = "gnu++0x";
				CLANG_CXX_LIBRARY = "libc++";
				CLANG_ENABLE_MODULES = YES;
				CLANG_ENABLE_OBJC_ARC = YES;
				CLANG_WARN_BOOL_CONVERSION = YES;
				CLANG_WARN_CONSTANT_CONVERSION = YES;
				CLANG_WARN_DIRECT_OBJC_ISA_USAGE = YES_ERROR;
				CLANG_WARN_EMPTY_BODY = YES;
				CLANG_WARN_ENUM_CONVERSION = YES;
				CLANG_WARN_INT_CONVERSION = YES;
				CLANG_WARN_OBJC_ROOT_CLASS = YES_ERROR;
				CLANG_WARN_UNREACHABLE_CODE = YES;
				CLANG_WARN__DUPLICATE_METHOD_MATCH = YES;
				"CODE_SIGN_IDENTITY[sdk=iphoneos*]" = "iPhone Developer";
				COPY_PHASE_STRIP = NO;
				ENABLE_STRICT_OBJC_MSGSEND = YES;
				GCC_C_LANGUAGE_STANDARD = gnu99;
				GCC_DYNAMIC_NO_PIC = NO;
				GCC_OPTIMIZATION_LEVEL = 0;
				GCC_PREPROCESSOR_DEFINITIONS = (
					"DEBUG=1",
					"$(inherited)",
				);
				GCC_SYMBOLS_PRIVATE_EXTERN = NO;
				GCC_WARN_64_TO_32_BIT_CONVERSION = YES;
				GCC_WARN_ABOUT_RETURN_TYPE = YES_ERROR;
				GCC_WARN_UNDECLARED_SELECTOR = YES;
				GCC_WARN_UNINITIALIZED_AUTOS = YES_AGGRESSIVE;
				GCC_WARN_UNUSED_FUNCTION = YES;
				GCC_WARN_UNUSED_VARIABLE = YES;
				IPHONEOS_DEPLOYMENT_TARGET = 8.1;
				MTL_ENABLE_DEBUG_INFO = YES;
				ONLY_ACTIVE_ARCH = YES;
				SDKROOT = iphoneos;
			};
			name = Debug;
		};
		F276503D1A2B5D5E0031325A /* Release */ = {
			isa = XCBuildConfiguration;
			buildSettings = {
				ALWAYS_SEARCH_USER_PATHS = NO;
				CLANG_CXX_LANGUAGE_STANDARD = "gnu++0x";
				CLANG_CXX_LIBRARY = "libc++";
				CLANG_ENABLE_MODULES = YES;
				CLANG_ENABLE_OBJC_ARC = YES;
				CLANG_WARN_BOOL_CONVERSION = YES;
				CLANG_WARN_CONSTANT_CONVERSION = YES;
				CLANG_WARN_DIRECT_OBJC_ISA_USAGE = YES_ERROR;
				CLANG_WARN_EMPTY_BODY = YES;
				CLANG_WARN_ENUM_CONVERSION = YES;
				CLANG_WARN_INT_CONVERSION = YES;
				CLANG_WARN_OBJC_ROOT_CLASS = YES_ERROR;
				CLANG_WARN_UNREACHABLE_CODE = YES;
				CLANG_WARN__DUPLICATE_METHOD_MATCH = YES;
				"CODE_SIGN_IDENTITY[sdk=iphoneos*]" = "iPhone Developer";
				COPY_PHASE_STRIP = YES;
				ENABLE_NS_ASSERTIONS = NO;
				ENABLE_STRICT_OBJC_MSGSEND = YES;
				GCC_C_LANGUAGE_STANDARD = gnu99;
				GCC_WARN_64_TO_32_BIT_CONVERSION = YES;
				GCC_WARN_ABOUT_RETURN_TYPE = YES_ERROR;
				GCC_WARN_UNDECLARED_SELECTOR = YES;
				GCC_WARN_UNINITIALIZED_AUTOS = YES_AGGRESSIVE;
				GCC_WARN_UNUSED_FUNCTION = YES;
				GCC_WARN_UNUSED_VARIABLE = YES;
				IPHONEOS_DEPLOYMENT_TARGET = 8.1;
				MTL_ENABLE_DEBUG_INFO = NO;
				SDKROOT = iphoneos;
				VALIDATE_PRODUCT = YES;
			};
			name = Release;
		};
		F276503F1A2B5D5E0031325A /* Debug */ = {
			isa = XCBuildConfiguration;
			buildSettings = {
				ASSETCATALOG_COMPILER_APPICON_NAME = AppIcon;
				INFOPLIST_FILE = "11.30-Weibo/Info.plist";
				LD_RUNPATH_SEARCH_PATHS = "$(inherited) @executable_path/Frameworks";
				PRODUCT_NAME = "$(TARGET_NAME)";
			};
			name = Debug;
		};
		F27650401A2B5D5E0031325A /* Release */ = {
			isa = XCBuildConfiguration;
			buildSettings = {
				ASSETCATALOG_COMPILER_APPICON_NAME = AppIcon;
				INFOPLIST_FILE = "11.30-Weibo/Info.plist";
				LD_RUNPATH_SEARCH_PATHS = "$(inherited) @executable_path/Frameworks";
				PRODUCT_NAME = "$(TARGET_NAME)";
			};
			name = Release;
		};
		F27650421A2B5D5E0031325A /* Debug */ = {
			isa = XCBuildConfiguration;
			buildSettings = {
				BUNDLE_LOADER = "$(TEST_HOST)";
				FRAMEWORK_SEARCH_PATHS = (
					"$(SDKROOT)/Developer/Library/Frameworks",
					"$(inherited)",
				);
				GCC_PREPROCESSOR_DEFINITIONS = (
					"DEBUG=1",
					"$(inherited)",
				);
				INFOPLIST_FILE = "11.30-WeiboTests/Info.plist";
				LD_RUNPATH_SEARCH_PATHS = "$(inherited) @executable_path/Frameworks @loader_path/Frameworks";
				PRODUCT_NAME = "$(TARGET_NAME)";
				TEST_HOST = "$(BUILT_PRODUCTS_DIR)/11.30-Weibo.app/11.30-Weibo";
			};
			name = Debug;
		};
		F27650431A2B5D5E0031325A /* Release */ = {
			isa = XCBuildConfiguration;
			buildSettings = {
				BUNDLE_LOADER = "$(TEST_HOST)";
				FRAMEWORK_SEARCH_PATHS = (
					"$(SDKROOT)/Developer/Library/Frameworks",
					"$(inherited)",
				);
				INFOPLIST_FILE = "11.30-WeiboTests/Info.plist";
				LD_RUNPATH_SEARCH_PATHS = "$(inherited) @executable_path/Frameworks @loader_path/Frameworks";
				PRODUCT_NAME = "$(TARGET_NAME)";
				TEST_HOST = "$(BUILT_PRODUCTS_DIR)/11.30-Weibo.app/11.30-Weibo";
			};
			name = Release;
		};
/* End XCBuildConfiguration section */

/* Begin XCConfigurationList section */
		F27650161A2B5D5E0031325A /* Build configuration list for PBXProject "11.30-Weibo" */ = {
			isa = XCConfigurationList;
			buildConfigurations = (
				F276503C1A2B5D5E0031325A /* Debug */,
				F276503D1A2B5D5E0031325A /* Release */,
			);
			defaultConfigurationIsVisible = 0;
			defaultConfigurationName = Release;
		};
		F276503E1A2B5D5E0031325A /* Build configuration list for PBXNativeTarget "11.30-Weibo" */ = {
			isa = XCConfigurationList;
			buildConfigurations = (
				F276503F1A2B5D5E0031325A /* Debug */,
				F27650401A2B5D5E0031325A /* Release */,
			);
			defaultConfigurationIsVisible = 0;
			defaultConfigurationName = Release;
		};
		F27650411A2B5D5E0031325A /* Build configuration list for PBXNativeTarget "11.30-WeiboTests" */ = {
			isa = XCConfigurationList;
			buildConfigurations = (
				F27650421A2B5D5E0031325A /* Debug */,
				F27650431A2B5D5E0031325A /* Release */,
			);
			defaultConfigurationIsVisible = 0;
			defaultConfigurationName = Release;
		};
/* End XCConfigurationList section */
	};
	rootObject = F27650131A2B5D5E0031325A /* Project object */;
}
